<?xml version="1.0" encoding="UTF-8" standalone="yes" ?>
<CodeBlocks_project_file>
	<FileVersion major="1" minor="6" />
	<Project>
		<Option title="tests" />
		<Option pch_mode="2" />
		<Option compiler="gcc" />
		<Build>
			<Target title="Debug">
				<Option output="./bin/Debug/tests" prefix_auto="1" extension_auto="1" />
				<Option object_output="./obj/Debug/" />
				<Option type="1" />
				<Option compiler="gcc" />
				<Compiler>
					<Add option="-g" />
				</Compiler>
			</Target>
			<Target title="Release">
				<Option output="./bin/Release/tests" prefix_auto="1" extension_auto="1" />
				<Option object_output="./obj/Release/" />
				<Option type="1" />
				<Option compiler="gcc" />
				<Compiler>
					<Add option="-O2" />
				</Compiler>
				<Linker>
					<Add option="-s" />
				</Linker>
			</Target>
		</Build>
		<Compiler>
			<Add option="-Wall" />
			<Add option="-fexceptions" />
			<Add directory="third_party" />
			<Add directory="../include" />
		</Compiler>
		<Unit filename="../include/grabin/math.hpp" />
		<Unit filename="../include/grabin/math/average_type.hpp" />
		<Unit filename="../include/grabin/math/math_vector.hpp" />
		<Unit filename="../include/grabin/math/matrix.hpp" />
		<Unit filename="../include/grabin/statistics/linear_regression.hpp" />
		<Unit filename="../include/grabin/statistics/mean.hpp" />
		<Unit filename="../include/grabin/statistics/variance.hpp" />
		<Unit filename="../include/grabin/utility/as_const.hpp" />
		<Unit filename="grabin_test.cpp" />
		<Unit filename="grabin_test.hpp" />
		<Unit filename="main.cpp" />
		<Unit filename="math/math_vector.cpp" />
		<Unit filename="math/matrix.cpp" />
		<Unit filename="statistics/linear_regression.cpp" />
		<Unit filename="statistics/mean.cpp" />
		<Unit filename="statistics/variance.cpp" />
		<Unit filename="utility/as_const.cpp" />
		<Extensions>
			<code_completion />
			<envvars />
			<debugger />
			<fortran_project />
			<lib_finder disable_auto="1" />
		</Extensions>
	</Project>
</CodeBlocks_project_file>
